
Microsoft Visual Studio Solution File, Format Version 12.00
# Visual Studio 14
VisualStudioVersion = 14.0.25420.1
MinimumVisualStudioVersion = 10.0.40219.1
Project("{FAE04EC0-301F-11D3-BF4B-00C04F79EFBC}") = "NextHolliday", "NextHolliday\NextHolliday\NextHolliday.csproj", "{13F3D8CD-9A4A-4758-BC3A-850C6B159254}"
EndProject
Project("{FAE04EC0-301F-11D3-BF4B-00C04F79EFBC}") = "NextHolliday.Droid", "NextHolliday\NextHolliday.Droid\NextHolliday.Droid.csproj", "{7A3D0529-48E7-4D65-9B85-B78BA95E4FAA}"
EndProject
Project("{FAE04EC0-301F-11D3-BF4B-00C04F79EFBC}") = "NextHolliday.iOS", "NextHolliday\NextHolliday.iOS\NextHolliday.iOS.csproj", "{B97E0F5C-AF19-44F7-8FD2-47DAAE993831}"
EndProject
Global
	GlobalSection(SolutionConfigurationPlatforms) = preSolution
		Ad-Hoc|Any CPU = Ad-Hoc|Any CPU
		Ad-Hoc|ARM = Ad-Hoc|ARM
		Ad-Hoc|iPhone = Ad-Hoc|iPhone
		Ad-Hoc|iPhoneSimulator = Ad-Hoc|iPhoneSimulator
		Ad-Hoc|x64 = Ad-Hoc|x64
		Ad-Hoc|x86 = Ad-Hoc|x86
		AppStore|Any CPU = AppStore|Any CPU
		AppStore|ARM = AppStore|ARM
		AppStore|iPhone = AppStore|iPhone
		AppStore|iPhoneSimulator = AppStore|iPhoneSimulator
		AppStore|x64 = AppStore|x64
		AppStore|x86 = AppStore|x86
		Debug|Any CPU = Debug|Any CPU
		Debug|ARM = Debug|ARM
		Debug|iPhone = Debug|iPhone
		Debug|iPhoneSimulator = Debug|iPhoneSimulator
		Debug|x64 = Debug|x64
		Debug|x86 = Debug|x86
		Release|Any CPU = Release|Any CPU
		Release|ARM = Release|ARM
		Release|iPhone = Release|iPhone
		Release|iPhoneSimulator = Release|iPhoneSimulator
		Release|x64 = Release|x64
		Release|x86 = Release|x86
	EndGlobalSection
	GlobalSection(ProjectConfigurationPlatforms) = postSolution
		{13F3D8CD-9A4A-4758-BC3A-850C6B159254}.Ad-Hoc|Any CPU.ActiveCfg = Release|Any CPU
		{13F3D8CD-9A4A-4758-BC3A-850C6B159254}.Ad-Hoc|Any CPU.Build.0 = Release|Any CPU
		{13F3D8CD-9A4A-4758-BC3A-850C6B159254}.Ad-Hoc|ARM.ActiveCfg = Release|Any CPU
		{13F3D8CD-9A4A-4758-BC3A-850C6B159254}.Ad-Hoc|ARM.Build.0 = Release|Any CPU
		{13F3D8CD-9A4A-4758-BC3A-850C6B159254}.Ad-Hoc|iPhone.ActiveCfg = Release|Any CPU
		{13F3D8CD-9A4A-4758-BC3A-850C6B159254}.Ad-Hoc|iPhone.Build.0 = Release|Any CPU
		{13F3D8CD-9A4A-4758-BC3A-850C6B159254}.Ad-Hoc|iPhoneSimulator.ActiveCfg = Release|Any CPU
		{13F3D8CD-9A4A-4758-BC3A-850C6B159254}.Ad-Hoc|iPhoneSimulator.Build.0 = Release|Any CPU
		{13F3D8CD-9A4A-4758-BC3A-850C6B159254}.Ad-Hoc|x64.ActiveCfg = Release|Any CPU
		{13F3D8CD-9A4A-4758-BC3A-850C6B159254}.Ad-Hoc|x64.Build.0 = Release|Any CPU
		{13F3D8CD-9A4A-4758-BC3A-850C6B159254}.Ad-Hoc|x86.ActiveCfg = Release|Any CPU
		{13F3D8CD-9A4A-4758-BC3A-850C6B159254}.Ad-Hoc|x86.Build.0 = Release|Any CPU
		{13F3D8CD-9A4A-4758-BC3A-850C6B159254}.AppStore|Any CPU.ActiveCfg = Release|Any CPU
		{13F3D8CD-9A4A-4758-BC3A-850C6B159254}.AppStore|Any CPU.Build.0 = Release|Any CPU
		{13F3D8CD-9A4A-4758-BC3A-850C6B159254}.AppStore|ARM.ActiveCfg = Release|Any CPU
		{13F3D8CD-9A4A-4758-BC3A-850C6B159254}.AppStore|ARM.Build.0 = Release|Any CPU
		{13F3D8CD-9A4A-4758-BC3A-850C6B159254}.AppStore|iPhone.ActiveCfg = Release|Any CPU
		{13F3D8CD-9A4A-4758-BC3A-850C6B159254}.AppStore|iPhone.Build.0 = Release|Any CPU
		{13F3D8CD-9A4A-4758-BC3A-850C6B159254}.AppStore|iPhoneSimulator.ActiveCfg = Release|Any CPU
		{13F3D8CD-9A4A-4758-BC3A-850C6B159254}.AppStore|iPhoneSimulator.Build.0 = Release|Any CPU
		{13F3D8CD-9A4A-4758-BC3A-850C6B159254}.AppStore|x64.ActiveCfg = Release|Any CPU
		{13F3D8CD-9A4A-4758-BC3A-850C6B159254}.AppStore|x64.Build.0 = Release|Any CPU
		{13F3D8CD-9A4A-4758-BC3A-850C6B159254}.AppStore|x86.ActiveCfg = Release|Any CPU
		{13F3D8CD-9A4A-4758-BC3A-850C6B159254}.AppStore|x86.Build.0 = Release|Any CPU
		{13F3D8CD-9A4A-4758-BC3A-850C6B159254}.Debug|Any CPU.ActiveCfg = Debug|Any CPU
		{13F3D8CD-9A4A-4758-BC3A-850C6B159254}.Debug|Any CPU.Build.0 = Debug|Any CPU
		{13F3D8CD-9A4A-4758-BC3A-850C6B159254}.Debug|ARM.ActiveCfg = Debug|Any CPU
		{13F3D8CD-9A4A-4758-BC3A-850C6B159254}.Debug|ARM.Build.0 = Debug|Any CPU
		{13F3D8CD-9A4A-4758-BC3A-850C6B159254}.Debug|iPhone.ActiveCfg = Debug|Any CPU
		{13F3D8CD-9A4A-4758-BC3A-850C6B159254}.Debug|iPhone.Build.0 = Debug|Any CPU
		{13F3D8CD-9A4A-4758-BC3A-850C6B159254}.Debug|iPhoneSimulator.ActiveCfg = Debug|Any CPU
		{13F3D8CD-9A4A-4758-BC3A-850C6B159254}.Debug|iPhoneSimulator.Build.0 = Debug|Any CPU
		{13F3D8CD-9A4A-4758-BC3A-850C6B159254}.Debug|x64.ActiveCfg = Debug|Any CPU
		{13F3D8CD-9A4A-4758-BC3A-850C6B159254}.Debug|x64.Build.0 = Debug|Any CPU
		{13F3D8CD-9A4A-4758-BC3A-850C6B159254}.Debug|x86.ActiveCfg = Debug|Any CPU
		{13F3D8CD-9A4A-4758-BC3A-850C6B159254}.Debug|x86.Build.0 = Debug|Any CPU
		{13F3D8CD-9A4A-4758-BC3A-850C6B159254}.Release|Any CPU.ActiveCfg = Release|Any CPU
		{13F3D8CD-9A4A-4758-BC3A-850C6B159254}.Release|Any CPU.Build.0 = Release|Any CPU
		{13F3D8CD-9A4A-4758-BC3A-850C6B159254}.Release|ARM.ActiveCfg = Release|Any CPU
		{13F3D8CD-9A4A-4758-BC3A-850C6B159254}.Release|ARM.Build.0 = Release|Any CPU
		{13F3D8CD-9A4A-4758-BC3A-850C6B159254}.Release|iPhone.ActiveCfg = Release|Any CPU
		{13F3D8CD-9A4A-4758-BC3A-850C6B159254}.Release|iPhone.Build.0 = Release|Any CPU
		{13F3D8CD-9A4A-4758-BC3A-850C6B159254}.Release|iPhoneSimulator.ActiveCfg = Release|Any CPU
		{13F3D8CD-9A4A-4758-BC3A-850C6B159254}.Release|iPhoneSimulator.Build.0 = Release|Any CPU
		{13F3D8CD-9A4A-4758-BC3A-850C6B159254}.Release|x64.ActiveCfg = Release|Any CPU
		{13F3D8CD-9A4A-4758-BC3A-850C6B159254}.Release|x64.Build.0 = Release|Any CPU
		{13F3D8CD-9A4A-4758-BC3A-850C6B159254}.Release|x86.ActiveCfg = Release|Any CPU
		{13F3D8CD-9A4A-4758-BC3A-850C6B159254}.Release|x86.Build.0 = Release|Any CPU
		{7A3D0529-48E7-4D65-9B85-B78BA95E4FAA}.Ad-Hoc|Any CPU.ActiveCfg = Release|Any CPU
		{7A3D0529-48E7-4D65-9B85-B78BA95E4FAA}.Ad-Hoc|Any CPU.Build.0 = Release|Any CPU
		{7A3D0529-48E7-4D65-9B85-B78BA95E4FAA}.Ad-Hoc|Any CPU.Deploy.0 = Release|Any CPU
		{7A3D0529-48E7-4D65-9B85-B78BA95E4FAA}.Ad-Hoc|ARM.ActiveCfg = Release|Any CPU
		{7A3D0529-48E7-4D65-9B85-B78BA95E4FAA}.Ad-Hoc|ARM.Build.0 = Release|Any CPU
		{7A3D0529-48E7-4D65-9B85-B78BA95E4FAA}.Ad-Hoc|ARM.Deploy.0 = Release|Any CPU
		{7A3D0529-48E7-4D65-9B85-B78BA95E4FAA}.Ad-Hoc|iPhone.ActiveCfg = Release|Any CPU
		{7A3D0529-48E7-4D65-9B85-B78BA95E4FAA}.Ad-Hoc|iPhone.Build.0 = Release|Any CPU
		{7A3D0529-48E7-4D65-9B85-B78BA95E4FAA}.Ad-Hoc|iPhone.Deploy.0 = Release|Any CPU
		{7A3D0529-48E7-4D65-9B85-B78BA95E4FAA}.Ad-Hoc|iPhoneSimulator.ActiveCfg = Release|Any CPU
		{7A3D0529-48E7-4D65-9B85-B78BA95E4FAA}.Ad-Hoc|iPhoneSimulator.Build.0 = Release|Any CPU
		{7A3D0529-48E7-4D65-9B85-B78BA95E4FAA}.Ad-Hoc|iPhoneSimulator.Deploy.0 = Release|Any CPU
		{7A3D0529-48E7-4D65-9B85-B78BA95E4FAA}.Ad-Hoc|x64.ActiveCfg = Release|Any CPU
		{7A3D0529-48E7-4D65-9B85-B78BA95E4FAA}.Ad-Hoc|x64.Build.0 = Release|Any CPU
		{7A3D0529-48E7-4D65-9B85-B78BA95E4FAA}.Ad-Hoc|x64.Deploy.0 = Release|Any CPU
		{7A3D0529-48E7-4D65-9B85-B78BA95E4FAA}.Ad-Hoc|x86.ActiveCfg = Release|Any CPU
		{7A3D0529-48E7-4D65-9B85-B78BA95E4FAA}.Ad-Hoc|x86.Build.0 = Release|Any CPU
		{7A3D0529-48E7-4D65-9B85-B78BA95E4FAA}.Ad-Hoc|x86.Deploy.0 = Release|Any CPU
		{7A3D0529-48E7-4D65-9B85-B78BA95E4FAA}.AppStore|Any CPU.ActiveCfg = Release|Any CPU
		{7A3D0529-48E7-4D65-9B85-B78BA95E4FAA}.AppStore|Any CPU.Build.0 = Release|Any CPU
		{7A3D0529-48E7-4D65-9B85-B78BA95E4FAA}.AppStore|Any CPU.Deploy.0 = Release|Any CPU
		{7A3D0529-48E7-4D65-9B85-B78BA95E4FAA}.AppStore|ARM.ActiveCfg = Release|Any CPU
		{7A3D0529-48E7-4D65-9B85-B78BA95E4FAA}.AppStore|ARM.Build.0 = Release|Any CPU
		{7A3D0529-48E7-4D65-9B85-B78BA95E4FAA}.AppStore|ARM.Deploy.0 = Release|Any CPU
		{7A3D0529-48E7-4D65-9B85-B78BA95E4FAA}.AppStore|iPhone.ActiveCfg = Release|Any CPU
		{7A3D0529-48E7-4D65-9B85-B78BA95E4FAA}.AppStore|iPhone.Build.0 = Release|Any CPU
		{7A3D0529-48E7-4D65-9B85-B78BA95E4FAA}.AppStore|iPhone.Deploy.0 = Release|Any CPU
		{7A3D0529-48E7-4D65-9B85-B78BA95E4FAA}.AppStore|iPhoneSimulator.ActiveCfg = Release|Any CPU
		{7A3D0529-48E7-4D65-9B85-B78BA95E4FAA}.AppStore|iPhoneSimulator.Build.0 = Release|Any CPU
		{7A3D0529-48E7-4D65-9B85-B78BA95E4FAA}.AppStore|iPhoneSimulator.Deploy.0 = Release|Any CPU
		{7A3D0529-48E7-4D65-9B85-B78BA95E4FAA}.AppStore|x64.ActiveCfg = Release|Any CPU
		{7A3D0529-48E7-4D65-9B85-B78BA95E4FAA}.AppStore|x64.Build.0 = Release|Any CPU
		{7A3D0529-48E7-4D65-9B85-B78BA95E4FAA}.AppStore|x64.Deploy.0 = Release|Any CPU
		{7A3D0529-48E7-4D65-9B85-B78BA95E4FAA}.AppStore|x86.ActiveCfg = Release|Any CPU
		{7A3D0529-48E7-4D65-9B85-B78BA95E4FAA}.AppStore|x86.Build.0 = Release|Any CPU
		{7A3D0529-48E7-4D65-9B85-B78BA95E4FAA}.AppStore|x86.Deploy.0 = Release|Any CPU
		{7A3D0529-48E7-4D65-9B85-B78BA95E4FAA}.Debug|Any CPU.ActiveCfg = Debug|Any CPU
		{7A3D0529-48E7-4D65-9B85-B78BA95E4FAA}.Debug|Any CPU.Build.0 = Debug|Any CPU
		{7A3D0529-48E7-4D65-9B85-B78BA95E4FAA}.Debug|Any CPU.Deploy.0 = Debug|Any CPU
		{7A3D0529-48E7-4D65-9B85-B78BA95E4FAA}.Debug|ARM.ActiveCfg = Debug|Any CPU
		{7A3D0529-48E7-4D65-9B85-B78BA95E4FAA}.Debug|ARM.Build.0 = Debug|Any CPU
		{7A3D0529-48E7-4D65-9B85-B78BA95E4FAA}.Debug|ARM.Deploy.0 = Debug|Any CPU
		{7A3D0529-48E7-4D65-9B85-B78BA95E4FAA}.Debug|iPhone.ActiveCfg = Debug|Any CPU
		{7A3D0529-48E7-4D65-9B85-B78BA95E4FAA}.Debug|iPhone.Build.0 = Debug|Any CPU
		{7A3D0529-48E7-4D65-9B85-B78BA95E4FAA}.Debug|iPhone.Deploy.0 = Debug|Any CPU
		{7A3D0529-48E7-4D65-9B85-B78BA95E4FAA}.Debug|iPhoneSimulator.ActiveCfg = Debug|Any CPU
		{7A3D0529-48E7-4D65-9B85-B78BA95E4FAA}.Debug|iPhoneSimulator.Build.0 = Debug|Any CPU
		{7A3D0529-48E7-4D65-9B85-B78BA95E4FAA}.Debug|iPhoneSimulator.Deploy.0 = Debug|Any CPU
		{7A3D0529-48E7-4D65-9B85-B78BA95E4FAA}.Debug|x64.ActiveCfg = Debug|Any CPU
		{7A3D0529-48E7-4D65-9B85-B78BA95E4FAA}.Debug|x64.Build.0 = Debug|Any CPU
		{7A3D0529-48E7-4D65-9B85-B78BA95E4FAA}.Debug|x64.Deploy.0 = Debug|Any CPU
		{7A3D0529-48E7-4D65-9B85-B78BA95E4FAA}.Debug|x86.ActiveCfg = Debug|Any CPU
		{7A3D0529-48E7-4D65-9B85-B78BA95E4FAA}.Debug|x86.Build.0 = Debug|Any CPU
		{7A3D0529-48E7-4D65-9B85-B78BA95E4FAA}.Debug|x86.Deploy.0 = Debug|Any CPU
		{7A3D0529-48E7-4D65-9B85-B78BA95E4FAA}.Release|Any CPU.ActiveCfg = Release|Any CPU
		{7A3D0529-48E7-4D65-9B85-B78BA95E4FAA}.Release|Any CPU.Build.0 = Release|Any CPU
		{7A3D0529-48E7-4D65-9B85-B78BA95E4FAA}.Release|Any CPU.Deploy.0 = Release|Any CPU
		{7A3D0529-48E7-4D65-9B85-B78BA95E4FAA}.Release|ARM.ActiveCfg = Release|Any CPU
		{7A3D0529-48E7-4D65-9B85-B78BA95E4FAA}.Release|ARM.Build.0 = Release|Any CPU
		{7A3D0529-48E7-4D65-9B85-B78BA95E4FAA}.Release|ARM.Deploy.0 = Release|Any CPU
		{7A3D0529-48E7-4D65-9B85-B78BA95E4FAA}.Release|iPhone.ActiveCfg = Release|Any CPU
		{7A3D0529-48E7-4D65-9B85-B78BA95E4FAA}.Release|iPhone.Build.0 = Release|Any CPU
		{7A3D0529-48E7-4D65-9B85-B78BA95E4FAA}.Release|iPhone.Deploy.0 = Release|Any CPU
		{7A3D0529-48E7-4D65-9B85-B78BA95E4FAA}.Release|iPhoneSimulator.ActiveCfg = Release|Any CPU
		{7A3D0529-48E7-4D65-9B85-B78BA95E4FAA}.Release|iPhoneSimulator.Build.0 = Release|Any CPU
		{7A3D0529-48E7-4D65-9B85-B78BA95E4FAA}.Release|iPhoneSimulator.Deploy.0 = Release|Any CPU
		{7A3D0529-48E7-4D65-9B85-B78BA95E4FAA}.Release|x64.ActiveCfg = Release|Any CPU
		{7A3D0529-48E7-4D65-9B85-B78BA95E4FAA}.Release|x64.Build.0 = Release|Any CPU
		{7A3D0529-48E7-4D65-9B85-B78BA95E4FAA}.Release|x64.Deploy.0 = Release|Any CPU
		{7A3D0529-48E7-4D65-9B85-B78BA95E4FAA}.Release|x86.ActiveCfg = Release|Any CPU
		{7A3D0529-48E7-4D65-9B85-B78BA95E4FAA}.Release|x86.Build.0 = Release|Any CPU
		{7A3D0529-48E7-4D65-9B85-B78BA95E4FAA}.Release|x86.Deploy.0 = Release|Any CPU
		{B97E0F5C-AF19-44F7-8FD2-47DAAE993831}.Ad-Hoc|Any CPU.ActiveCfg = Ad-Hoc|iPhone
		{B97E0F5C-AF19-44F7-8FD2-47DAAE993831}.Ad-Hoc|ARM.ActiveCfg = Ad-Hoc|iPhone
		{B97E0F5C-AF19-44F7-8FD2-47DAAE993831}.Ad-Hoc|iPhone.ActiveCfg = Ad-Hoc|iPhone
		{B97E0F5C-AF19-44F7-8FD2-47DAAE993831}.Ad-Hoc|iPhone.Build.0 = Ad-Hoc|iPhone
		{B97E0F5C-AF19-44F7-8FD2-47DAAE993831}.Ad-Hoc|iPhoneSimulator.ActiveCfg = Ad-Hoc|iPhoneSimulator
		{B97E0F5C-AF19-44F7-8FD2-47DAAE993831}.Ad-Hoc|iPhoneSimulator.Build.0 = Ad-Hoc|iPhoneSimulator
		{B97E0F5C-AF19-44F7-8FD2-47DAAE993831}.Ad-Hoc|x64.ActiveCfg = Ad-Hoc|iPhone
		{B97E0F5C-AF19-44F7-8FD2-47DAAE993831}.Ad-Hoc|x86.ActiveCfg = Ad-Hoc|iPhone
		{B97E0F5C-AF19-44F7-8FD2-47DAAE993831}.AppStore|Any CPU.ActiveCfg = AppStore|iPhone
		{B97E0F5C-AF19-44F7-8FD2-47DAAE993831}.AppStore|ARM.ActiveCfg = AppStore|iPhone
		{B97E0F5C-AF19-44F7-8FD2-47DAAE993831}.AppStore|iPhone.ActiveCfg = AppStore|iPhone
		{B97E0F5C-AF19-44F7-8FD2-47DAAE993831}.AppStore|iPhone.Build.0 = AppStore|iPhone
		{B97E0F5C-AF19-44F7-8FD2-47DAAE993831}.AppStore|iPhoneSimulator.ActiveCfg = AppStore|iPhoneSimulator
		{B97E0F5C-AF19-44F7-8FD2-47DAAE993831}.AppStore|iPhoneSimulator.Build.0 = AppStore|iPhoneSimulator
		{B97E0F5C-AF19-44F7-8FD2-47DAAE993831}.AppStore|x64.ActiveCfg = AppStore|iPhone
		{B97E0F5C-AF19-44F7-8FD2-47DAAE993831}.AppStore|x86.ActiveCfg = AppStore|iPhone
		{B97E0F5C-AF19-44F7-8FD2-47DAAE993831}.Debug|Any CPU.ActiveCfg = Debug|iPhone
		{B97E0F5C-AF19-44F7-8FD2-47DAAE993831}.Debug|ARM.ActiveCfg = Debug|iPhone
		{B97E0F5C-AF19-44F7-8FD2-47DAAE993831}.Debug|iPhone.ActiveCfg = Debug|iPhone
		{B97E0F5C-AF19-44F7-8FD2-47DAAE993831}.Debug|iPhone.Build.0 = Debug|iPhone
		{B97E0F5C-AF19-44F7-8FD2-47DAAE993831}.Debug|iPhoneSimulator.ActiveCfg = Debug|iPhoneSimulator
		{B97E0F5C-AF19-44F7-8FD2-47DAAE993831}.Debug|iPhoneSimulator.Build.0 = Debug|iPhoneSimulator
		{B97E0F5C-AF19-44F7-8FD2-47DAAE993831}.Debug|x64.ActiveCfg = Debug|iPhone
		{B97E0F5C-AF19-44F7-8FD2-47DAAE993831}.Debug|x86.ActiveCfg = Debug|iPhone
		{B97E0F5C-AF19-44F7-8FD2-47DAAE993831}.Release|Any CPU.ActiveCfg = Release|iPhone
		{B97E0F5C-AF19-44F7-8FD2-47DAAE993831}.Release|ARM.ActiveCfg = Release|iPhone
		{B97E0F5C-AF19-44F7-8FD2-47DAAE993831}.Release|iPhone.ActiveCfg = Release|iPhone
		{B97E0F5C-AF19-44F7-8FD2-47DAAE993831}.Release|iPhone.Build.0 = Release|iPhone
		{B97E0F5C-AF19-44F7-8FD2-47DAAE993831}.Release|iPhoneSimulator.ActiveCfg = Release|iPhoneSimulator
		{B97E0F5C-AF19-44F7-8FD2-47DAAE993831}.Release|iPhoneSimulator.Build.0 = Release|iPhoneSimulator
		{B97E0F5C-AF19-44F7-8FD2-47DAAE993831}.Release|x64.ActiveCfg = Release|iPhone
		{B97E0F5C-AF19-44F7-8FD2-47DAAE993831}.Release|x86.ActiveCfg = Release|iPhone
	EndGlobalSection
	GlobalSection(SolutionProperties) = preSolution
		HideSolutionNode = FALSE
	EndGlobalSection
EndGlobal
